{
  "version": 4,
  "terraform_version": "1.13.3",
  "serial": 13,
  "lineage": "08301cf9-e7b9-718e-c645-929ea5712f30",
  "outputs": {},
  "resources": [
    {
      "mode": "data",
      "type": "aws_ami",
      "name": "al2",
      "provider": "provider[\"registry.terraform.io/hashicorp/aws\"]",
      "instances": [
        {
          "schema_version": 0,
          "attributes": {
            "allow_unsafe_filter": null,
            "architecture": "x86_64",
            "arn": "arn:aws:ec2:us-east-1::image/ami-0254b2d5c4c472488",
            "block_device_mappings": [
              {
                "device_name": "/dev/xvda",
                "ebs": {
                  "delete_on_termination": "true",
                  "encrypted": "false",
                  "iops": "0",
                  "snapshot_id": "snap-021c2006747d6b7e6",
                  "throughput": "0",
                  "volume_initialization_rate": "0",
                  "volume_size": "8",
                  "volume_type": "gp2"
                },
                "no_device": "",
                "virtual_name": ""
              }
            ],
            "boot_mode": "",
            "creation_date": "2025-09-10T19:04:06.000Z",
            "deprecation_time": "2025-12-09T19:04:00.000Z",
            "description": "Amazon Linux 2 AMI 2.0.20250915.0 x86_64 HVM gp2",
            "ena_support": true,
            "executable_users": null,
            "filter": [
              {
                "name": "name",
                "values": [
                  "amzn2-ami-hvm-*-x86_64-gp2"
                ]
              }
            ],
            "hypervisor": "xen",
            "id": "ami-0254b2d5c4c472488",
            "image_id": "ami-0254b2d5c4c472488",
            "image_location": "amazon/amzn2-ami-hvm-2.0.20250915.0-x86_64-gp2",
            "image_owner_alias": "amazon",
            "image_type": "machine",
            "imds_support": "",
            "include_deprecated": false,
            "kernel_id": "",
            "last_launched_time": "",
            "most_recent": true,
            "name": "amzn2-ami-hvm-2.0.20250915.0-x86_64-gp2",
            "name_regex": null,
            "owner_id": "137112412989",
            "owners": [
              "amazon"
            ],
            "platform": "",
            "platform_details": "Linux/UNIX",
            "product_codes": [],
            "public": true,
            "ramdisk_id": "",
            "region": "us-east-1",
            "root_device_name": "/dev/xvda",
            "root_device_type": "ebs",
            "root_snapshot_id": "snap-021c2006747d6b7e6",
            "sriov_net_support": "simple",
            "state": "available",
            "state_reason": {
              "code": "UNSET",
              "message": "UNSET"
            },
            "tags": {},
            "timeouts": null,
            "tpm_support": "",
            "uefi_data": null,
            "usage_operation": "RunInstances",
            "virtualization_type": "hvm"
          },
          "sensitive_attributes": [],
          "identity_schema_version": 0
        }
      ]
    },
    {
      "mode": "data",
      "type": "aws_subnets",
      "name": "default_public",
      "provider": "provider[\"registry.terraform.io/hashicorp/aws\"]",
      "instances": [
        {
          "schema_version": 0,
          "attributes": {
            "filter": [
              {
                "name": "vpc-id",
                "values": [
                  "vpc-0eee98846e7ae49cb"
                ]
              }
            ],
            "id": "us-east-1",
            "ids": [
              "subnet-0791d9a6fcae55d58",
              "subnet-0604f0485c0f23f92",
              "subnet-09682b1a82feecc46",
              "subnet-0ae5e9ac6233608d4",
              "subnet-01c4fc968cbbc2ec7",
              "subnet-0c5f74764916ad2d4"
            ],
            "region": "us-east-1",
            "tags": null,
            "timeouts": null
          },
          "sensitive_attributes": [],
          "identity_schema_version": 0
        }
      ]
    },
    {
      "mode": "data",
      "type": "aws_vpc",
      "name": "default",
      "provider": "provider[\"registry.terraform.io/hashicorp/aws\"]",
      "instances": [
        {
          "schema_version": 0,
          "attributes": {
            "arn": "arn:aws:ec2:us-east-1:975050276222:vpc/vpc-0eee98846e7ae49cb",
            "cidr_block": "172.31.0.0/16",
            "cidr_block_associations": [
              {
                "association_id": "vpc-cidr-assoc-00472ddd7554f0697",
                "cidr_block": "172.31.0.0/16",
                "state": "associated"
              }
            ],
            "default": true,
            "dhcp_options_id": "dopt-035a8f9305771f41d",
            "enable_dns_hostnames": true,
            "enable_dns_support": true,
            "enable_network_address_usage_metrics": false,
            "filter": null,
            "id": "vpc-0eee98846e7ae49cb",
            "instance_tenancy": "default",
            "ipv6_association_id": "",
            "ipv6_cidr_block": "",
            "main_route_table_id": "rtb-0b67d5281962f2a9f",
            "owner_id": "975050276222",
            "region": "us-east-1",
            "state": null,
            "tags": {},
            "timeouts": null
          },
          "sensitive_attributes": [],
          "identity_schema_version": 0
        }
      ]
    },
    {
      "mode": "managed",
      "type": "aws_ecr_repository",
      "name": "app",
      "provider": "provider[\"registry.terraform.io/hashicorp/aws\"]",
      "instances": [
        {
          "schema_version": 0,
          "attributes": {
            "arn": "arn:aws:ecr:us-east-1:975050276222:repository/clo835-app",
            "encryption_configuration": [
              {
                "encryption_type": "AES256",
                "kms_key": ""
              }
            ],
            "force_delete": null,
            "id": "clo835-app",
            "image_scanning_configuration": [
              {
                "scan_on_push": false
              }
            ],
            "image_tag_mutability": "MUTABLE",
            "image_tag_mutability_exclusion_filter": [],
            "name": "clo835-app",
            "region": "us-east-1",
            "registry_id": "975050276222",
            "repository_url": "975050276222.dkr.ecr.us-east-1.amazonaws.com/clo835-app",
            "tags": {},
            "tags_all": {},
            "timeouts": null
          },
          "sensitive_attributes": [],
          "identity_schema_version": 0,
          "identity": {
            "account_id": "975050276222",
            "name": "clo835-app",
            "region": "us-east-1"
          },
          "private": "eyJlMmJmYjczMC1lY2FhLTExZTYtOGY4OC0zNDM2M2JjN2M0YzAiOnsiZGVsZXRlIjoxMjAwMDAwMDAwMDAwfSwic2NoZW1hX3ZlcnNpb24iOiIwIn0="
        }
      ]
    },
    {
      "mode": "managed",
      "type": "aws_ecr_repository",
      "name": "db",
      "provider": "provider[\"registry.terraform.io/hashicorp/aws\"]",
      "instances": [
        {
          "schema_version": 0,
          "attributes": {
            "arn": "arn:aws:ecr:us-east-1:975050276222:repository/clo835-mysql",
            "encryption_configuration": [
              {
                "encryption_type": "AES256",
                "kms_key": ""
              }
            ],
            "force_delete": null,
            "id": "clo835-mysql",
            "image_scanning_configuration": [
              {
                "scan_on_push": false
              }
            ],
            "image_tag_mutability": "MUTABLE",
            "image_tag_mutability_exclusion_filter": [],
            "name": "clo835-mysql",
            "region": "us-east-1",
            "registry_id": "975050276222",
            "repository_url": "975050276222.dkr.ecr.us-east-1.amazonaws.com/clo835-mysql",
            "tags": {},
            "tags_all": {},
            "timeouts": null
          },
          "sensitive_attributes": [],
          "identity_schema_version": 0,
          "identity": {
            "account_id": "975050276222",
            "name": "clo835-mysql",
            "region": "us-east-1"
          },
          "private": "eyJlMmJmYjczMC1lY2FhLTExZTYtOGY4OC0zNDM2M2JjN2M0YzAiOnsiZGVsZXRlIjoxMjAwMDAwMDAwMDAwfSwic2NoZW1hX3ZlcnNpb24iOiIwIn0="
        }
      ]
    },
    {
      "mode": "managed",
      "type": "aws_key_pair",
      "name": "lastkey",
      "provider": "provider[\"registry.terraform.io/hashicorp/aws\"]",
      "instances": [
        {
          "schema_version": 1,
          "attributes": {
            "arn": "arn:aws:ec2:us-east-1:975050276222:key-pair/lastkey",
            "fingerprint": "dd:69:b5:87:44:aa:77:58:f5:70:d9:48:9e:d2:5d:d1",
            "id": "lastkey",
            "key_name": "lastkey",
            "key_name_prefix": "",
            "key_pair_id": "key-01daba89ec84f1db3",
            "key_type": "rsa",
            "public_key": "ssh-rsa AAAAB3NzaC1yc2EAAAADAQABAAACAQDc/Bey7zW25HAgejXr///QI1PUT1iK5uTC39tddDtbLXRc4z6hnBbe+udd2WYIkv4H1JfRjeFc0VmC6srObPwSv6D7WMHJHsiUBX5WfYDvOdG2bV8WBbAcMTCBKSKZuDha3UjZvZw2X6qn45Mub7EomhMBdW9zkJYFRjiePRNsuGi0559w3zN9S2/Rq84OnUHxtyLAZPWbp9/kU9IWmvS0L264TKK2PdeFCZbAl9lyAD/h6QHT6mpwv2Pf2DRp1Hl0MgRajG1bcqc2at4n/KuWJSn+QPa3loHwy8sQM85hVzVEuOrjaolpw1BiXzOc54DvCc0Vbl4rppOTyNSogNc+VRVuGEgXQTo822jVerLQ4PxjLhBZfAIO1o8m8ohlDjG4ZCS+Nt0yx+QG+nJevI3AcCZXhwsQbRTy9lIKWpJewlaLUgYqSRTxC9Shh0sDlYPDXyzLSLQ6+WWaxVIDRSSEcrZIYqjwOiUioS6Xn2b9sQa2YawyrHfAYf+7Fz+vcGf2EK3Wp1VcNodKzb0CtoUZY/NAN7kpSF5JQTSn1GAEt77wWSYMZP1jglhXope1INQLuQZJWdbn+lL2FV1rSG4ecDFY/iWx+9oAN+CLIt5GvK1f3XHenwBvsQlTN64Q1gUeHl356oRyVWU0aznqzRvzrf4g70x3EFutAYJ+jemTfw== ec2-user@ip-172-31-25-77.ec2.internal",
            "region": "us-east-1",
            "tags": null,
            "tags_all": {}
          },
          "sensitive_attributes": [],
          "identity_schema_version": 0,
          "private": "eyJzY2hlbWFfdmVyc2lvbiI6IjEifQ=="
        }
      ]
    },
    {
      "mode": "managed",
      "type": "aws_security_group",
      "name": "web_sg",
      "provider": "provider[\"registry.terraform.io/hashicorp/aws\"]",
      "instances": [
        {
          "schema_version": 1,
          "attributes": {
            "arn": "arn:aws:ec2:us-east-1:975050276222:security-group/sg-07356e37dc33840d0",
            "description": "SSH + web",
            "egress": [
              {
                "cidr_blocks": [
                  "0.0.0.0/0"
                ],
                "description": "",
                "from_port": 0,
                "ipv6_cidr_blocks": [],
                "prefix_list_ids": [],
                "protocol": "-1",
                "security_groups": [],
                "self": false,
                "to_port": 0
              }
            ],
            "id": "sg-07356e37dc33840d0",
            "ingress": [
              {
                "cidr_blocks": [
                  "0.0.0.0/0"
                ],
                "description": "",
                "from_port": 22,
                "ipv6_cidr_blocks": [],
                "prefix_list_ids": [],
                "protocol": "tcp",
                "security_groups": [],
                "self": false,
                "to_port": 22
              },
              {
                "cidr_blocks": [
                  "0.0.0.0/0"
                ],
                "description": "",
                "from_port": 8081,
                "ipv6_cidr_blocks": [],
                "prefix_list_ids": [],
                "protocol": "tcp",
                "security_groups": [],
                "self": false,
                "to_port": 8083
              }
            ],
            "name": "clo835-web-sg",
            "name_prefix": "",
            "owner_id": "975050276222",
            "region": "us-east-1",
            "revoke_rules_on_delete": null,
            "tags": {},
            "tags_all": {},
            "timeouts": null,
            "vpc_id": "vpc-0eee98846e7ae49cb"
          },
          "sensitive_attributes": [],
          "identity_schema_version": 0,
          "identity": {
            "account_id": "975050276222",
            "id": "sg-07356e37dc33840d0",
            "region": "us-east-1"
          },
          "private": "eyJlMmJmYjczMC1lY2FhLTExZTYtOGY4OC0zNDM2M2JjN2M0YzAiOnsiY3JlYXRlIjo2MDAwMDAwMDAwMDAsImRlbGV0ZSI6OTAwMDAwMDAwMDAwfSwic2NoZW1hX3ZlcnNpb24iOiIxIn0="
        }
      ]
    }
  ],
  "check_results": null
}
